
Microsoft Visual Studio Solution File, Format Version 12.00
# Visual Studio Version 17
VisualStudioVersion = 17.4.33213.308
MinimumVisualStudioVersion = 10.0.40219.1
Project("{FAE04EC0-301F-11D3-BF4B-00C04F79EFBC}") = "Missing Positive Number", "Missing Positive Number\Missing Positive Number.csproj", "{BE023CC7-B0C1-48C2-97D4-B9CE93EB82CF}"
EndProject
Global
	GlobalSection(SolutionConfigurationPlatforms) = preSolution
		Debug|Any CPU = Debug|Any CPU
		Release|Any CPU = Release|Any CPU
	EndGlobalSection
	GlobalSection(ProjectConfigurationPlatforms) = postSolution
		{BE023CC7-B0C1-48C2-97D4-B9CE93EB82CF}.Debug|Any CPU.ActiveCfg = Debug|Any CPU
		{BE023CC7-B0C1-48C2-97D4-B9CE93EB82CF}.Debug|Any CPU.Build.0 = Debug|Any CPU
		{BE023CC7-B0C1-48C2-97D4-B9CE93EB82CF}.Release|Any CPU.ActiveCfg = Release|Any CPU
		{BE023CC7-B0C1-48C2-97D4-B9CE93EB82CF}.Release|Any CPU.Build.0 = Release|Any CPU
	EndGlobalSection
	GlobalSection(SolutionProperties) = preSolution
		HideSolutionNode = FALSE
	EndGlobalSection
	GlobalSection(ExtensibilityGlobals) = postSolution
		SolutionGuid = {6331C93E-B266-4F73-B607-670F791D7C29}
	EndGlobalSection
EndGlobal
